# This file is automatically @generated by Cargo.
# It is not intended for manual editing.
version = 4

[[package]]
name = "clients"
version = "0.1.0"
dependencies = [
 "domain",
]

[[package]]
name = "config"
version = "0.1.0"
dependencies = [
 "domain",
]

[[package]]
name = "domain"
version = "0.1.0"

[[package]]
name = "hub-cli"
version = "0.1.0"
dependencies = [
 "config",
 "workflows",
]

[[package]]
name = "hub-tui"
version = "0.1.0"
dependencies = [
 "config",
 "workflows",
]

[[package]]
name = "store"
version = "0.1.0"
dependencies = [
 "domain",
]

[[package]]
name = "workflows"
version = "0.1.0"
dependencies = [
 "clients",
 "domain",
 "store",
]
